
Microsoft Visual Studio Solution File, Format Version 12.00
# Visual Studio Version 17
VisualStudioVersion = 17.14.36301.6
MinimumVisualStudioVersion = 10.0.40219.1
Project("{2150E333-8FDC-42A3-9474-1A3956D46DE8}") = "Dist", "Dist", "{02EA681E-C7D8-13C7-8484-4AC65E1B71E8}"
EndProject
Project("{FAE04EC0-301F-11D3-BF4B-00C04F79EFBC}") = "Common.Repository", "..\..\Libraries\Common.Repository\Common.Repository.csproj", "{2E01050E-753B-6D8E-2A7F-34DA2FFBCB24}"
EndProject
Project("{FAE04EC0-301F-11D3-BF4B-00C04F79EFBC}") = "Common.Library", "..\..\Libraries\Commons\Common.Library.csproj", "{8D15C912-9BA1-EC77-E7DF-607E8A00F3E5}"
EndProject
Project("{FAE04EC0-301F-11D3-BF4B-00C04F79EFBC}") = "Api.Geo", "Api.Geo.csproj", "{C2C484BB-35F8-E04A-F3E6-4FF2DCE72A98}"
EndProject
Project("{FAE04EC0-301F-11D3-BF4B-00C04F79EFBC}") = "GeoRepository", "..\..\Repositories\GeoRepository\GeoRepository.csproj", "{49456927-64D3-4B6F-BC0D-18259367C6FB}"
EndProject
Global
	GlobalSection(SolutionConfigurationPlatforms) = preSolution
		Debug|Any CPU = Debug|Any CPU
		Release|Any CPU = Release|Any CPU
	EndGlobalSection
	GlobalSection(ProjectConfigurationPlatforms) = postSolution
		{2E01050E-753B-6D8E-2A7F-34DA2FFBCB24}.Debug|Any CPU.ActiveCfg = Debug|Any CPU
		{2E01050E-753B-6D8E-2A7F-34DA2FFBCB24}.Debug|Any CPU.Build.0 = Debug|Any CPU
		{2E01050E-753B-6D8E-2A7F-34DA2FFBCB24}.Release|Any CPU.ActiveCfg = Release|Any CPU
		{2E01050E-753B-6D8E-2A7F-34DA2FFBCB24}.Release|Any CPU.Build.0 = Release|Any CPU
		{8D15C912-9BA1-EC77-E7DF-607E8A00F3E5}.Debug|Any CPU.ActiveCfg = Debug|Any CPU
		{8D15C912-9BA1-EC77-E7DF-607E8A00F3E5}.Debug|Any CPU.Build.0 = Debug|Any CPU
		{8D15C912-9BA1-EC77-E7DF-607E8A00F3E5}.Release|Any CPU.ActiveCfg = Release|Any CPU
		{8D15C912-9BA1-EC77-E7DF-607E8A00F3E5}.Release|Any CPU.Build.0 = Release|Any CPU
		{C2C484BB-35F8-E04A-F3E6-4FF2DCE72A98}.Debug|Any CPU.ActiveCfg = Debug|Any CPU
		{C2C484BB-35F8-E04A-F3E6-4FF2DCE72A98}.Debug|Any CPU.Build.0 = Debug|Any CPU
		{C2C484BB-35F8-E04A-F3E6-4FF2DCE72A98}.Release|Any CPU.ActiveCfg = Release|Any CPU
		{C2C484BB-35F8-E04A-F3E6-4FF2DCE72A98}.Release|Any CPU.Build.0 = Release|Any CPU
		{49456927-64D3-4B6F-BC0D-18259367C6FB}.Debug|Any CPU.ActiveCfg = Debug|Any CPU
		{49456927-64D3-4B6F-BC0D-18259367C6FB}.Debug|Any CPU.Build.0 = Debug|Any CPU
		{49456927-64D3-4B6F-BC0D-18259367C6FB}.Release|Any CPU.ActiveCfg = Release|Any CPU
		{49456927-64D3-4B6F-BC0D-18259367C6FB}.Release|Any CPU.Build.0 = Release|Any CPU
	EndGlobalSection
	GlobalSection(SolutionProperties) = preSolution
		HideSolutionNode = FALSE
	EndGlobalSection
	GlobalSection(NestedProjects) = preSolution
		{2E01050E-753B-6D8E-2A7F-34DA2FFBCB24} = {02EA681E-C7D8-13C7-8484-4AC65E1B71E8}
		{8D15C912-9BA1-EC77-E7DF-607E8A00F3E5} = {02EA681E-C7D8-13C7-8484-4AC65E1B71E8}
	EndGlobalSection
	GlobalSection(ExtensibilityGlobals) = postSolution
		SolutionGuid = {F768E48F-5178-4679-9120-B5C80D316529}
	EndGlobalSection
EndGlobal
